
Microsoft Visual Studio Solution File, Format Version 12.00
# Visual Studio 14
VisualStudioVersion = 14.0.25420.1
MinimumVisualStudioVersion = 10.0.40219.1
Project("{FAE04EC0-301F-11D3-BF4B-00C04F79EFBC}") = "SimpleStudents", "SimpleStudents\SimpleStudents.csproj", "{FD2072BF-D8BE-4D25-96C6-8D91C34A6A9B}"
EndProject
Project("{FAE04EC0-301F-11D3-BF4B-00C04F79EFBC}") = "SimpleStudents.Domain", "WindowsFormsApplication1\SimpleStudents.Domain.csproj", "{02B41ABE-2B3F-4937-A218-6083D8FEE820}"
EndProject
Global
	GlobalSection(SolutionConfigurationPlatforms) = preSolution
		12|Any CPU = 12|Any CPU
		Debug|Any CPU = Debug|Any CPU
		Release|Any CPU = Release|Any CPU
	EndGlobalSection
	GlobalSection(ProjectConfigurationPlatforms) = postSolution
		{FD2072BF-D8BE-4D25-96C6-8D91C34A6A9B}.12|Any CPU.ActiveCfg = Release|Any CPU
		{FD2072BF-D8BE-4D25-96C6-8D91C34A6A9B}.12|Any CPU.Build.0 = Release|Any CPU
		{FD2072BF-D8BE-4D25-96C6-8D91C34A6A9B}.12|Any CPU.Deploy.0 = Release|Any CPU
		{FD2072BF-D8BE-4D25-96C6-8D91C34A6A9B}.Debug|Any CPU.ActiveCfg = Debug|Any CPU
		{FD2072BF-D8BE-4D25-96C6-8D91C34A6A9B}.Debug|Any CPU.Build.0 = Debug|Any CPU
		{FD2072BF-D8BE-4D25-96C6-8D91C34A6A9B}.Release|Any CPU.ActiveCfg = Release|Any CPU
		{FD2072BF-D8BE-4D25-96C6-8D91C34A6A9B}.Release|Any CPU.Build.0 = Release|Any CPU
		{02B41ABE-2B3F-4937-A218-6083D8FEE820}.12|Any CPU.ActiveCfg = Release|Any CPU
		{02B41ABE-2B3F-4937-A218-6083D8FEE820}.12|Any CPU.Build.0 = Release|Any CPU
		{02B41ABE-2B3F-4937-A218-6083D8FEE820}.Debug|Any CPU.ActiveCfg = Debug|Any CPU
		{02B41ABE-2B3F-4937-A218-6083D8FEE820}.Debug|Any CPU.Build.0 = Debug|Any CPU
		{02B41ABE-2B3F-4937-A218-6083D8FEE820}.Release|Any CPU.ActiveCfg = Release|Any CPU
		{02B41ABE-2B3F-4937-A218-6083D8FEE820}.Release|Any CPU.Build.0 = Release|Any CPU
	EndGlobalSection
	GlobalSection(SolutionProperties) = preSolution
		HideSolutionNode = FALSE
	EndGlobalSection
EndGlobal
