
Microsoft Visual Studio Solution File, Format Version 12.00
# Visual Studio 14
VisualStudioVersion = 14.0.25420.1
MinimumVisualStudioVersion = 10.0.40219.1
Project("{FAE04EC0-301F-11D3-BF4B-00C04F79EFBC}") = "SimpleStudents.Web", "SimpleStudents\SimpleStudents.Web.csproj", "{FD2072BF-D8BE-4D25-96C6-8D91C34A6A9B}"
EndProject
Project("{FAE04EC0-301F-11D3-BF4B-00C04F79EFBC}") = "SimpleStudents.Domain", "SimpleStudents.Domain\SimpleStudents.Domain.csproj", "{02B41ABE-2B3F-4937-A218-6083D8FEE820}"
EndProject
Project("{2150E333-8FDC-42A3-9474-1A3956D46DE8}") = "Solution Items", "Solution Items", "{20BD1B96-6FB7-4A37-AAD2-CC41377C0D43}"
	ProjectSection(SolutionItems) = preProject
		WebEssentials2015-Settings.json = WebEssentials2015-Settings.json
	EndProjectSection
EndProject
Project("{FAE04EC0-301F-11D3-BF4B-00C04F79EFBC}") = "SimpleStudents.Data", "Data\SimpleStudents.Data.csproj", "{F6930A3E-2262-46AF-8205-72D34C618BAC}"
EndProject
Project("{FAE04EC0-301F-11D3-BF4B-00C04F79EFBC}") = "SimpleStudents.Services", "SimpleStuedents.Services\SimpleStudents.Services.csproj", "{B3C5DE48-EAFF-4F93-9F76-35F53B236755}"
EndProject
Global
	GlobalSection(SolutionConfigurationPlatforms) = preSolution
		12|Any CPU = 12|Any CPU
		Debug|Any CPU = Debug|Any CPU
		Release|Any CPU = Release|Any CPU
	EndGlobalSection
	GlobalSection(ProjectConfigurationPlatforms) = postSolution
		{FD2072BF-D8BE-4D25-96C6-8D91C34A6A9B}.12|Any CPU.ActiveCfg = Release|Any CPU
		{FD2072BF-D8BE-4D25-96C6-8D91C34A6A9B}.12|Any CPU.Build.0 = Release|Any CPU
		{FD2072BF-D8BE-4D25-96C6-8D91C34A6A9B}.12|Any CPU.Deploy.0 = Release|Any CPU
		{FD2072BF-D8BE-4D25-96C6-8D91C34A6A9B}.Debug|Any CPU.ActiveCfg = Debug|Any CPU
		{FD2072BF-D8BE-4D25-96C6-8D91C34A6A9B}.Debug|Any CPU.Build.0 = Debug|Any CPU
		{FD2072BF-D8BE-4D25-96C6-8D91C34A6A9B}.Release|Any CPU.ActiveCfg = Release|Any CPU
		{FD2072BF-D8BE-4D25-96C6-8D91C34A6A9B}.Release|Any CPU.Build.0 = Release|Any CPU
		{02B41ABE-2B3F-4937-A218-6083D8FEE820}.12|Any CPU.ActiveCfg = Release|Any CPU
		{02B41ABE-2B3F-4937-A218-6083D8FEE820}.12|Any CPU.Build.0 = Release|Any CPU
		{02B41ABE-2B3F-4937-A218-6083D8FEE820}.Debug|Any CPU.ActiveCfg = Debug|Any CPU
		{02B41ABE-2B3F-4937-A218-6083D8FEE820}.Debug|Any CPU.Build.0 = Debug|Any CPU
		{02B41ABE-2B3F-4937-A218-6083D8FEE820}.Release|Any CPU.ActiveCfg = Release|Any CPU
		{02B41ABE-2B3F-4937-A218-6083D8FEE820}.Release|Any CPU.Build.0 = Release|Any CPU
		{F6930A3E-2262-46AF-8205-72D34C618BAC}.12|Any CPU.ActiveCfg = Release|Any CPU
		{F6930A3E-2262-46AF-8205-72D34C618BAC}.12|Any CPU.Build.0 = Release|Any CPU
		{F6930A3E-2262-46AF-8205-72D34C618BAC}.Debug|Any CPU.ActiveCfg = Debug|Any CPU
		{F6930A3E-2262-46AF-8205-72D34C618BAC}.Debug|Any CPU.Build.0 = Debug|Any CPU
		{F6930A3E-2262-46AF-8205-72D34C618BAC}.Release|Any CPU.ActiveCfg = Release|Any CPU
		{F6930A3E-2262-46AF-8205-72D34C618BAC}.Release|Any CPU.Build.0 = Release|Any CPU
		{B3C5DE48-EAFF-4F93-9F76-35F53B236755}.12|Any CPU.ActiveCfg = Release|Any CPU
		{B3C5DE48-EAFF-4F93-9F76-35F53B236755}.12|Any CPU.Build.0 = Release|Any CPU
		{B3C5DE48-EAFF-4F93-9F76-35F53B236755}.Debug|Any CPU.ActiveCfg = Debug|Any CPU
		{B3C5DE48-EAFF-4F93-9F76-35F53B236755}.Debug|Any CPU.Build.0 = Debug|Any CPU
		{B3C5DE48-EAFF-4F93-9F76-35F53B236755}.Release|Any CPU.ActiveCfg = Release|Any CPU
		{B3C5DE48-EAFF-4F93-9F76-35F53B236755}.Release|Any CPU.Build.0 = Release|Any CPU
	EndGlobalSection
	GlobalSection(SolutionProperties) = preSolution
		HideSolutionNode = FALSE
	EndGlobalSection
EndGlobal
